
Microsoft Visual Studio Solution File, Format Version 12.00
# Visual Studio Version 16
VisualStudioVersion = 16.0.31025.194
MinimumVisualStudioVersion = 10.0.40219.1
Project("{FAE04EC0-301F-11D3-BF4B-00C04F79EFBC}") = "Movie", "Movie\Movie.csproj", "{DABE1BD4-879D-4319-8972-6DB68FF681EF}"
EndProject
Global
	GlobalSection(SolutionConfigurationPlatforms) = preSolution
		Debug|Any CPU = Debug|Any CPU
		Release|Any CPU = Release|Any CPU
	EndGlobalSection
	GlobalSection(ProjectConfigurationPlatforms) = postSolution
		{DABE1BD4-879D-4319-8972-6DB68FF681EF}.Debug|Any CPU.ActiveCfg = Debug|Any CPU
		{DABE1BD4-879D-4319-8972-6DB68FF681EF}.Debug|Any CPU.Build.0 = Debug|Any CPU
		{DABE1BD4-879D-4319-8972-6DB68FF681EF}.Release|Any CPU.ActiveCfg = Release|Any CPU
		{DABE1BD4-879D-4319-8972-6DB68FF681EF}.Release|Any CPU.Build.0 = Release|Any CPU
	EndGlobalSection
	GlobalSection(SolutionProperties) = preSolution
		HideSolutionNode = FALSE
	EndGlobalSection
	GlobalSection(ExtensibilityGlobals) = postSolution
		SolutionGuid = {6C04B9D4-03F5-443A-B362-8062541E72AC}
	EndGlobalSection
EndGlobal
